
Microsoft Visual Studio Solution File, Format Version 12.00
# Visual Studio 15
VisualStudioVersion = 15.0.27703.2018
MinimumVisualStudioVersion = 10.0.40219.1
Project("{FAE04EC0-301F-11D3-BF4B-00C04F79EFBC}") = "Day1_ChronalCalibration", "Day1_ChronalCalibration\Day1_ChronalCalibration.csproj", "{FFCB927A-D79D-490A-A4B3-CD90BAC21D58}"
EndProject
Project("{FAE04EC0-301F-11D3-BF4B-00C04F79EFBC}") = "Day2_InventoryManagement", "Day2_InventoryManagement\Day2_InventoryManagement.csproj", "{09CF8D63-9F67-467A-82C0-36D09B08864C}"
EndProject
Project("{FAE04EC0-301F-11D3-BF4B-00C04F79EFBC}") = "Day3_NoMatterHowYouSliceIt", "Day3_NoMatterHowYouSliceIt\Day3_NoMatterHowYouSliceIt.csproj", "{3B99420E-CA93-40CA-B9AE-EC784113AB42}"
EndProject
Project("{FAE04EC0-301F-11D3-BF4B-00C04F79EFBC}") = "Day4_ReposeRecord", "Day4_ReposeRecord\Day4_ReposeRecord.csproj", "{8D3CE39B-9864-4FDC-BA47-96C1617B3C84}"
EndProject
Project("{FAE04EC0-301F-11D3-BF4B-00C04F79EFBC}") = "Day5_AlchemicalReduction", "Day5_AlchemicalReduction\Day5_AlchemicalReduction.csproj", "{518A22F5-B065-4DBD-BAA7-6EEE4592E86F}"
EndProject
Project("{FAE04EC0-301F-11D3-BF4B-00C04F79EFBC}") = "Day6_ChronalCoordinates", "Day6_ChronalCoordinates\Day6_ChronalCoordinates.csproj", "{919C1D01-D420-4C17-9F9E-B042993BAFAD}"
EndProject
Project("{FAE04EC0-301F-11D3-BF4B-00C04F79EFBC}") = "Day7_TheSumOfItsParts", "Day7_TheSumOfItsParts\Day7_TheSumOfItsParts.csproj", "{34FE501C-B049-4DDA-B132-70A02D976625}"
EndProject
Project("{FAE04EC0-301F-11D3-BF4B-00C04F79EFBC}") = "Day8_MemoryManeuver", "Day8_MemoryManeuver\Day8_MemoryManeuver.csproj", "{4E9043EF-59BE-496A-BD73-C2C726E16831}"
EndProject
Project("{FAE04EC0-301F-11D3-BF4B-00C04F79EFBC}") = "Day9_MarbleMania", "Day9_MarbleMania\Day9_MarbleMania.csproj", "{3764018A-34E5-4941-A052-F2BBC9110576}"
EndProject
Project("{FAE04EC0-301F-11D3-BF4B-00C04F79EFBC}") = "Day10_TheStarsAlign", "Day10_TheStarsAlign\Day10_TheStarsAlign.csproj", "{15F388C8-9E41-494E-A965-1BCCCA0EE0A6}"
EndProject
Project("{FAE04EC0-301F-11D3-BF4B-00C04F79EFBC}") = "Day11_ChronalCharge", "Day11_ChronalCharge\Day11_ChronalCharge.csproj", "{4491A042-3B18-4ED5-90F2-37463BC4BB45}"
EndProject
Project("{FAE04EC0-301F-11D3-BF4B-00C04F79EFBC}") = "Day12_SubterraneanSustainability", "Day12_SubterraneanSustainability\Day12_SubterraneanSustainability.csproj", "{90DCC8AB-0451-41E0-A43F-AF77593D1996}"
EndProject
Global
	GlobalSection(SolutionConfigurationPlatforms) = preSolution
		Debug|Any CPU = Debug|Any CPU
		Release|Any CPU = Release|Any CPU
	EndGlobalSection
	GlobalSection(ProjectConfigurationPlatforms) = postSolution
		{FFCB927A-D79D-490A-A4B3-CD90BAC21D58}.Debug|Any CPU.ActiveCfg = Debug|Any CPU
		{FFCB927A-D79D-490A-A4B3-CD90BAC21D58}.Debug|Any CPU.Build.0 = Debug|Any CPU
		{FFCB927A-D79D-490A-A4B3-CD90BAC21D58}.Release|Any CPU.ActiveCfg = Release|Any CPU
		{FFCB927A-D79D-490A-A4B3-CD90BAC21D58}.Release|Any CPU.Build.0 = Release|Any CPU
		{09CF8D63-9F67-467A-82C0-36D09B08864C}.Debug|Any CPU.ActiveCfg = Debug|Any CPU
		{09CF8D63-9F67-467A-82C0-36D09B08864C}.Debug|Any CPU.Build.0 = Debug|Any CPU
		{09CF8D63-9F67-467A-82C0-36D09B08864C}.Release|Any CPU.ActiveCfg = Release|Any CPU
		{09CF8D63-9F67-467A-82C0-36D09B08864C}.Release|Any CPU.Build.0 = Release|Any CPU
		{3B99420E-CA93-40CA-B9AE-EC784113AB42}.Debug|Any CPU.ActiveCfg = Debug|Any CPU
		{3B99420E-CA93-40CA-B9AE-EC784113AB42}.Debug|Any CPU.Build.0 = Debug|Any CPU
		{3B99420E-CA93-40CA-B9AE-EC784113AB42}.Release|Any CPU.ActiveCfg = Release|Any CPU
		{3B99420E-CA93-40CA-B9AE-EC784113AB42}.Release|Any CPU.Build.0 = Release|Any CPU
		{8D3CE39B-9864-4FDC-BA47-96C1617B3C84}.Debug|Any CPU.ActiveCfg = Debug|Any CPU
		{8D3CE39B-9864-4FDC-BA47-96C1617B3C84}.Debug|Any CPU.Build.0 = Debug|Any CPU
		{8D3CE39B-9864-4FDC-BA47-96C1617B3C84}.Release|Any CPU.ActiveCfg = Release|Any CPU
		{8D3CE39B-9864-4FDC-BA47-96C1617B3C84}.Release|Any CPU.Build.0 = Release|Any CPU
		{518A22F5-B065-4DBD-BAA7-6EEE4592E86F}.Debug|Any CPU.ActiveCfg = Debug|Any CPU
		{518A22F5-B065-4DBD-BAA7-6EEE4592E86F}.Debug|Any CPU.Build.0 = Debug|Any CPU
		{518A22F5-B065-4DBD-BAA7-6EEE4592E86F}.Release|Any CPU.ActiveCfg = Release|Any CPU
		{518A22F5-B065-4DBD-BAA7-6EEE4592E86F}.Release|Any CPU.Build.0 = Release|Any CPU
		{919C1D01-D420-4C17-9F9E-B042993BAFAD}.Debug|Any CPU.ActiveCfg = Debug|Any CPU
		{919C1D01-D420-4C17-9F9E-B042993BAFAD}.Debug|Any CPU.Build.0 = Debug|Any CPU
		{919C1D01-D420-4C17-9F9E-B042993BAFAD}.Release|Any CPU.ActiveCfg = Release|Any CPU
		{919C1D01-D420-4C17-9F9E-B042993BAFAD}.Release|Any CPU.Build.0 = Release|Any CPU
		{34FE501C-B049-4DDA-B132-70A02D976625}.Debug|Any CPU.ActiveCfg = Debug|Any CPU
		{34FE501C-B049-4DDA-B132-70A02D976625}.Debug|Any CPU.Build.0 = Debug|Any CPU
		{34FE501C-B049-4DDA-B132-70A02D976625}.Release|Any CPU.ActiveCfg = Release|Any CPU
		{34FE501C-B049-4DDA-B132-70A02D976625}.Release|Any CPU.Build.0 = Release|Any CPU
		{4E9043EF-59BE-496A-BD73-C2C726E16831}.Debug|Any CPU.ActiveCfg = Debug|Any CPU
		{4E9043EF-59BE-496A-BD73-C2C726E16831}.Debug|Any CPU.Build.0 = Debug|Any CPU
		{4E9043EF-59BE-496A-BD73-C2C726E16831}.Release|Any CPU.ActiveCfg = Release|Any CPU
		{4E9043EF-59BE-496A-BD73-C2C726E16831}.Release|Any CPU.Build.0 = Release|Any CPU
		{3764018A-34E5-4941-A052-F2BBC9110576}.Debug|Any CPU.ActiveCfg = Debug|Any CPU
		{3764018A-34E5-4941-A052-F2BBC9110576}.Debug|Any CPU.Build.0 = Debug|Any CPU
		{3764018A-34E5-4941-A052-F2BBC9110576}.Release|Any CPU.ActiveCfg = Release|Any CPU
		{3764018A-34E5-4941-A052-F2BBC9110576}.Release|Any CPU.Build.0 = Release|Any CPU
		{15F388C8-9E41-494E-A965-1BCCCA0EE0A6}.Debug|Any CPU.ActiveCfg = Debug|Any CPU
		{15F388C8-9E41-494E-A965-1BCCCA0EE0A6}.Debug|Any CPU.Build.0 = Debug|Any CPU
		{15F388C8-9E41-494E-A965-1BCCCA0EE0A6}.Release|Any CPU.ActiveCfg = Release|Any CPU
		{15F388C8-9E41-494E-A965-1BCCCA0EE0A6}.Release|Any CPU.Build.0 = Release|Any CPU
		{4491A042-3B18-4ED5-90F2-37463BC4BB45}.Debug|Any CPU.ActiveCfg = Debug|Any CPU
		{4491A042-3B18-4ED5-90F2-37463BC4BB45}.Debug|Any CPU.Build.0 = Debug|Any CPU
		{4491A042-3B18-4ED5-90F2-37463BC4BB45}.Release|Any CPU.ActiveCfg = Release|Any CPU
		{4491A042-3B18-4ED5-90F2-37463BC4BB45}.Release|Any CPU.Build.0 = Release|Any CPU
		{90DCC8AB-0451-41E0-A43F-AF77593D1996}.Debug|Any CPU.ActiveCfg = Debug|Any CPU
		{90DCC8AB-0451-41E0-A43F-AF77593D1996}.Debug|Any CPU.Build.0 = Debug|Any CPU
		{90DCC8AB-0451-41E0-A43F-AF77593D1996}.Release|Any CPU.ActiveCfg = Release|Any CPU
		{90DCC8AB-0451-41E0-A43F-AF77593D1996}.Release|Any CPU.Build.0 = Release|Any CPU
	EndGlobalSection
	GlobalSection(SolutionProperties) = preSolution
		HideSolutionNode = FALSE
	EndGlobalSection
	GlobalSection(ExtensibilityGlobals) = postSolution
		SolutionGuid = {1BB0D33A-810B-4B9F-BBE4-AAF540405B3A}
	EndGlobalSection
	GlobalSection(Performance) = preSolution
		HasPerformanceSessions = true
	EndGlobalSection
	GlobalSection(Performance) = preSolution
		HasPerformanceSessions = true
	EndGlobalSection
	GlobalSection(Performance) = preSolution
		HasPerformanceSessions = true
	EndGlobalSection
EndGlobal
